
Microsoft Visual Studio Solution File, Format Version 12.00
# Visual Studio Version 17
VisualStudioVersion = 17.2.32519.379
MinimumVisualStudioVersion = 10.0.40219.1
Project("{9A19103F-16F7-4668-BE54-9A1E7A4F7556}") = "BugTracker", "BugTracker\BugTracker.csproj", "{4676A14A-449A-4021-92F5-ED2AF4F0630B}"
EndProject
Project("{2150E333-8FDC-42A3-9474-1A3956D46DE8}") = "Solution Items", "Solution Items", "{316F2455-A85A-4F3A-8B89-3CB4FCE0769D}"
	ProjectSection(SolutionItems) = preProject
		.editorconfig = .editorconfig
	EndProjectSection
EndProject
Global
	GlobalSection(SolutionConfigurationPlatforms) = preSolution
		Debug|Any CPU = Debug|Any CPU
		Release|Any CPU = Release|Any CPU
	EndGlobalSection
	GlobalSection(ProjectConfigurationPlatforms) = postSolution
		{4676A14A-449A-4021-92F5-ED2AF4F0630B}.Debug|Any CPU.ActiveCfg = Debug|Any CPU
		{4676A14A-449A-4021-92F5-ED2AF4F0630B}.Debug|Any CPU.Build.0 = Debug|Any CPU
		{4676A14A-449A-4021-92F5-ED2AF4F0630B}.Release|Any CPU.ActiveCfg = Release|Any CPU
		{4676A14A-449A-4021-92F5-ED2AF4F0630B}.Release|Any CPU.Build.0 = Release|Any CPU
	EndGlobalSection
	GlobalSection(SolutionProperties) = preSolution
		HideSolutionNode = FALSE
	EndGlobalSection
	GlobalSection(ExtensibilityGlobals) = postSolution
		SolutionGuid = {FBC4E219-36EC-4FD0-BE62-97EF9DA49BE4}
	EndGlobalSection
EndGlobal
